
Microsoft Visual Studio Solution File, Format Version 12.00
# Visual Studio Version 16
VisualStudioVersion = 25.0.1704.4
MinimumVisualStudioVersion = 10.0.40219.1
Project("{FAE04EC0-301F-11D3-BF4B-00C04F79EFBC}") = "Giraffe", "Giraffe\Giraffe.csproj", "{FA01A4B2-CF38-4FEF-ABCC-9D77F37A392E}"
EndProject
Global
	GlobalSection(SolutionConfigurationPlatforms) = preSolution
		Debug|Any CPU = Debug|Any CPU
		Release|Any CPU = Release|Any CPU
	EndGlobalSection
	GlobalSection(ProjectConfigurationPlatforms) = postSolution
		{FA01A4B2-CF38-4FEF-ABCC-9D77F37A392E}.Debug|Any CPU.ActiveCfg = Debug|Any CPU
		{FA01A4B2-CF38-4FEF-ABCC-9D77F37A392E}.Debug|Any CPU.Build.0 = Debug|Any CPU
		{FA01A4B2-CF38-4FEF-ABCC-9D77F37A392E}.Release|Any CPU.ActiveCfg = Release|Any CPU
		{FA01A4B2-CF38-4FEF-ABCC-9D77F37A392E}.Release|Any CPU.Build.0 = Release|Any CPU
	EndGlobalSection
	GlobalSection(SolutionProperties) = preSolution
		HideSolutionNode = FALSE
	EndGlobalSection
	GlobalSection(ExtensibilityGlobals) = postSolution
		SolutionGuid = {F11A6D4C-E475-43DA-84AC-07D2122D4315}
	EndGlobalSection
EndGlobal
